
Microsoft Visual Studio Solution File, Format Version 12.00
# Visual Studio Version 16
VisualStudioVersion = 16.0.31205.134
MinimumVisualStudioVersion = 10.0.40219.1
Project("{9A19103F-16F7-4668-BE54-9A1E7A4F7556}") = "EnvironmentDataCollector", "EnvironmentDataCollector\EnvironmentDataCollector.csproj", "{11588537-6DF6-4097-A77C-54EBFEDB3CDD}"
EndProject
Global
	GlobalSection(SolutionConfigurationPlatforms) = preSolution
		Debug|Any CPU = Debug|Any CPU
		Debug|x64 = Debug|x64
		Release x64|Any CPU = Release x64|Any CPU
		Release x64|x64 = Release x64|x64
		Release|Any CPU = Release|Any CPU
		Release|x64 = Release|x64
	EndGlobalSection
	GlobalSection(ProjectConfigurationPlatforms) = postSolution
		{11588537-6DF6-4097-A77C-54EBFEDB3CDD}.Debug|Any CPU.ActiveCfg = Debug|Any CPU
		{11588537-6DF6-4097-A77C-54EBFEDB3CDD}.Debug|Any CPU.Build.0 = Debug|Any CPU
		{11588537-6DF6-4097-A77C-54EBFEDB3CDD}.Debug|x64.ActiveCfg = Debug|x64
		{11588537-6DF6-4097-A77C-54EBFEDB3CDD}.Debug|x64.Build.0 = Debug|x64
		{11588537-6DF6-4097-A77C-54EBFEDB3CDD}.Release x64|Any CPU.ActiveCfg = Release x64|Any CPU
		{11588537-6DF6-4097-A77C-54EBFEDB3CDD}.Release x64|Any CPU.Build.0 = Release x64|Any CPU
		{11588537-6DF6-4097-A77C-54EBFEDB3CDD}.Release x64|x64.ActiveCfg = Release x64|x64
		{11588537-6DF6-4097-A77C-54EBFEDB3CDD}.Release x64|x64.Build.0 = Release x64|x64
		{11588537-6DF6-4097-A77C-54EBFEDB3CDD}.Release|Any CPU.ActiveCfg = Release|Any CPU
		{11588537-6DF6-4097-A77C-54EBFEDB3CDD}.Release|Any CPU.Build.0 = Release|Any CPU
		{11588537-6DF6-4097-A77C-54EBFEDB3CDD}.Release|x64.ActiveCfg = Release|x64
		{11588537-6DF6-4097-A77C-54EBFEDB3CDD}.Release|x64.Build.0 = Release|x64
	EndGlobalSection
	GlobalSection(SolutionProperties) = preSolution
		HideSolutionNode = FALSE
	EndGlobalSection
	GlobalSection(ExtensibilityGlobals) = postSolution
		SolutionGuid = {20B5EC41-EBB7-4D9F-9CEE-2D255A4DC841}
	EndGlobalSection
EndGlobal
